// !$*UTF8*$!
{
	archiveVersion = 1;
	classes = {
	};
	objectVersion = 46;
	objects = {

/* Begin PBXBuildFile section */
		173ECFEA1955368300AC70A3 /* iOS_Test.swift in Sources */ = {isa = PBXBuildFile; fileRef = 173ECFE91955368300AC70A3 /* iOS_Test.swift */; };
		173ECFF7195536B300AC70A3 /* Mac_Test.swift in Sources */ = {isa = PBXBuildFile; fileRef = 173ECFF6195536B300AC70A3 /* Mac_Test.swift */; };
		173ECFFC195536F400AC70A3 /* SwiftyJSON in Resources */ = {isa = PBXBuildFile; fileRef = 173ECFFB195536F400AC70A3 /* SwiftyJSON */; };
		173ECFFD195536F400AC70A3 /* SwiftyJSON in Resources */ = {isa = PBXBuildFile; fileRef = 173ECFFB195536F400AC70A3 /* SwiftyJSON */; };
/* End PBXBuildFile section */

/* Begin PBXFileReference section */
		173ECFE41955368300AC70A3 /* iOS Test.xctest */ = {isa = PBXFileReference; explicitFileType = wrapper.cfbundle; includeInIndex = 0; path = "iOS Test.xctest"; sourceTree = BUILT_PRODUCTS_DIR; };
		173ECFE81955368300AC70A3 /* Info.plist */ = {isa = PBXFileReference; lastKnownFileType = text.plist.xml; path = Info.plist; sourceTree = "<group>"; };
		173ECFE91955368300AC70A3 /* iOS_Test.swift */ = {isa = PBXFileReference; lastKnownFileType = sourcecode.swift; path = iOS_Test.swift; sourceTree = "<group>"; };
		173ECFF2195536B300AC70A3 /* Mac Test.xctest */ = {isa = PBXFileReference; explicitFileType = wrapper.cfbundle; includeInIndex = 0; path = "Mac Test.xctest"; sourceTree = BUILT_PRODUCTS_DIR; };
		173ECFF5195536B300AC70A3 /* Info.plist */ = {isa = PBXFileReference; lastKnownFileType = text.plist.xml; path = Info.plist; sourceTree = "<group>"; };
		173ECFF6195536B300AC70A3 /* Mac_Test.swift */ = {isa = PBXFileReference; lastKnownFileType = sourcecode.swift; path = Mac_Test.swift; sourceTree = "<group>"; };
		173ECFFB195536F400AC70A3 /* SwiftyJSON */ = {isa = PBXFileReference; lastKnownFileType = folder; name = SwiftyJSON; path = ../SwiftyJSON; sourceTree = "<group>"; };
/* End PBXFileReference section */

/* Begin PBXFrameworksBuildPhase section */
		173ECFE11955368300AC70A3 /* Frameworks */ = {
			isa = PBXFrameworksBuildPhase;
			buildActionMask = 2147483647;
			files = (
			);
			runOnlyForDeploymentPostprocessing = 0;
		};
		173ECFEF195536B300AC70A3 /* Frameworks */ = {
			isa = PBXFrameworksBuildPhase;
			buildActionMask = 2147483647;
			files = (
			);
			runOnlyForDeploymentPostprocessing = 0;
		};
/* End PBXFrameworksBuildPhase section */

/* Begin PBXGroup section */
		173ECFD91955365D00AC70A3 = {
			isa = PBXGroup;
			children = (
				173ECFFB195536F400AC70A3 /* SwiftyJSON */,
				173ECFE61955368300AC70A3 /* iOS Test */,
				173ECFF3195536B300AC70A3 /* Mac Test */,
				173ECFE51955368300AC70A3 /* Products */,
			);
			sourceTree = "<group>";
		};
		173ECFE51955368300AC70A3 /* Products */ = {
			isa = PBXGroup;
			children = (
				173ECFE41955368300AC70A3 /* iOS Test.xctest */,
				173ECFF2195536B300AC70A3 /* Mac Test.xctest */,
			);
			name = Products;
			sourceTree = "<group>";
		};
		173ECFE61955368300AC70A3 /* iOS Test */ = {
			isa = PBXGroup;
			children = (
				173ECFE91955368300AC70A3 /* iOS_Test.swift */,
				173ECFE71955368300AC70A3 /* Supporting Files */,
			);
			path = "iOS Test";
			sourceTree = "<group>";
		};
		173ECFE71955368300AC70A3 /* Supporting Files */ = {
			isa = PBXGroup;
			children = (
				173ECFE81955368300AC70A3 /* Info.plist */,
			);
			name = "Supporting Files";
			sourceTree = "<group>";
		};
		173ECFF3195536B300AC70A3 /* Mac Test */ = {
			isa = PBXGroup;
			children = (
				173ECFF6195536B300AC70A3 /* Mac_Test.swift */,
				173ECFF4195536B300AC70A3 /* Supporting Files */,
			);
			path = "Mac Test";
			sourceTree = "<group>";
		};
		173ECFF4195536B300AC70A3 /* Supporting Files */ = {
			isa = PBXGroup;
			children = (
				173ECFF5195536B300AC70A3 /* Info.plist */,
			);
			name = "Supporting Files";
			sourceTree = "<group>";
		};
/* End PBXGroup section */

/* Begin PBXNativeTarget section */
		173ECFE31955368300AC70A3 /* iOS Test */ = {
			isa = PBXNativeTarget;
			buildConfigurationList = 173ECFEB1955368300AC70A3 /* Build configuration list for PBXNativeTarget "iOS Test" */;
			buildPhases = (
				173ECFE01955368300AC70A3 /* Sources */,
				173ECFE11955368300AC70A3 /* Frameworks */,
				173ECFE21955368300AC70A3 /* Resources */,
			);
			buildRules = (
			);
			dependencies = (
			);
			name = "iOS Test";
			productName = "iOS Test";
			productReference = 173ECFE41955368300AC70A3 /* iOS Test.xctest */;
			productType = "com.apple.product-type.bundle.unit-test";
		};
		173ECFF1195536B300AC70A3 /* Mac Test */ = {
			isa = PBXNativeTarget;
			buildConfigurationList = 173ECFF8195536B300AC70A3 /* Build configuration list for PBXNativeTarget "Mac Test" */;
			buildPhases = (
				173ECFEE195536B300AC70A3 /* Sources */,
				173ECFEF195536B300AC70A3 /* Frameworks */,
				173ECFF0195536B300AC70A3 /* Resources */,
			);
			buildRules = (
			);
			dependencies = (
			);
			name = "Mac Test";
			productName = "Mac Test";
			productReference = 173ECFF2195536B300AC70A3 /* Mac Test.xctest */;
			productType = "com.apple.product-type.bundle.unit-test";
		};
/* End PBXNativeTarget section */

/* Begin PBXProject section */
		173ECFDA1955365D00AC70A3 /* Project object */ = {
			isa = PBXProject;
			attributes = {
				LastUpgradeCheck = 0600;
				TargetAttributes = {
					173ECFE31955368300AC70A3 = {
						CreatedOnToolsVersion = 6.0;
					};
					173ECFF1195536B300AC70A3 = {
						CreatedOnToolsVersion = 6.0;
					};
				};
			};
			buildConfigurationList = 173ECFDD1955365D00AC70A3 /* Build configuration list for PBXProject "Test" */;
			compatibilityVersion = "Xcode 3.2";
			developmentRegion = English;
			hasScannedForEncodings = 0;
			knownRegions = (
				en,
			);
			mainGroup = 173ECFD91955365D00AC70A3;
			productRefGroup = 173ECFE51955368300AC70A3 /* Products */;
			projectDirPath = "";
			projectRoot = "";
			targets = (
				173ECFE31955368300AC70A3 /* iOS Test */,
				173ECFF1195536B300AC70A3 /* Mac Test */,
			);
		};
/* End PBXProject section */

/* Begin PBXResourcesBuildPhase section */
		173ECFE21955368300AC70A3 /* Resources */ = {
			isa = PBXResourcesBuildPhase;
			buildActionMask = 2147483647;
			files = (
				173ECFFC195536F400AC70A3 /* SwiftyJSON in Resources */,
			);
			runOnlyForDeploymentPostprocessing = 0;
		};
		173ECFF0195536B300AC70A3 /* Resources */ = {
			isa = PBXResourcesBuildPhase;
			buildActionMask = 2147483647;
			files = (
				173ECFFD195536F400AC70A3 /* SwiftyJSON in Resources */,
			);
			runOnlyForDeploymentPostprocessing = 0;
		};
/* End PBXResourcesBuildPhase section */

/* Begin PBXSourcesBuildPhase section */
		173ECFE01955368300AC70A3 /* Sources */ = {
			isa = PBXSourcesBuildPhase;
			buildActionMask = 2147483647;
			files = (
				173ECFEA1955368300AC70A3 /* iOS_Test.swift in Sources */,
			);
			runOnlyForDeploymentPostprocessing = 0;
		};
		173ECFEE195536B300AC70A3 /* Sources */ = {
			isa = PBXSourcesBuildPhase;
			buildActionMask = 2147483647;
			files = (
				173ECFF7195536B300AC70A3 /* Mac_Test.swift in Sources */,
			);
			runOnlyForDeploymentPostprocessing = 0;
		};
/* End PBXSourcesBuildPhase section */

/* Begin XCBuildConfiguration section */
		173ECFDE1955365D00AC70A3 /* Debug */ = {
			isa = XCBuildConfiguration;
			buildSettings = {
			};
			name = Debug;
		};
		173ECFDF1955365D00AC70A3 /* Release */ = {
			isa = XCBuildConfiguration;
			buildSettings = {
			};
			name = Release;
		};
		173ECFEC1955368300AC70A3 /* Debug */ = {
			isa = XCBuildConfiguration;
			buildSettings = {
				ALWAYS_SEARCH_USER_PATHS = NO;
				CLANG_CXX_LANGUAGE_STANDARD = "gnu++0x";
				CLANG_CXX_LIBRARY = "libc++";
				CLANG_ENABLE_MODULES = YES;
				CLANG_ENABLE_OBJC_ARC = YES;
				CLANG_WARN_BOOL_CONVERSION = YES;
				CLANG_WARN_CONSTANT_CONVERSION = YES;
				CLANG_WARN_DIRECT_OBJC_ISA_USAGE = YES_ERROR;
				CLANG_WARN_EMPTY_BODY = YES;
				CLANG_WARN_ENUM_CONVERSION = YES;
				CLANG_WARN_INT_CONVERSION = YES;
				CLANG_WARN_OBJC_ROOT_CLASS = YES_ERROR;
				CLANG_WARN_UNREACHABLE_CODE = YES;
				CLANG_WARN__DUPLICATE_METHOD_MATCH = YES;
				COPY_PHASE_STRIP = NO;
				ENABLE_STRICT_OBJC_MSGSEND = YES;
				FRAMEWORK_SEARCH_PATHS = (
					"$(SDKROOT)/Developer/Library/Frameworks",
					"$(inherited)",
				);
				GCC_C_LANGUAGE_STANDARD = gnu99;
				GCC_DYNAMIC_NO_PIC = NO;
				GCC_OPTIMIZATION_LEVEL = 0;
				GCC_PREPROCESSOR_DEFINITIONS = (
					"DEBUG=1",
					"$(inherited)",
				);
				GCC_SYMBOLS_PRIVATE_EXTERN = NO;
				GCC_WARN_64_TO_32_BIT_CONVERSION = YES;
				GCC_WARN_ABOUT_RETURN_TYPE = YES_ERROR;
				GCC_WARN_UNDECLARED_SELECTOR = YES;
				GCC_WARN_UNINITIALIZED_AUTOS = YES_AGGRESSIVE;
				GCC_WARN_UNUSED_FUNCTION = YES;
				GCC_WARN_UNUSED_VARIABLE = YES;
				INFOPLIST_FILE = "iOS Test/Info.plist";
				IPHONEOS_DEPLOYMENT_TARGET = 8.0;
				LD_RUNPATH_SEARCH_PATHS = "$(inherited) @executable_path/Frameworks @loader_path/Frameworks";
				METAL_ENABLE_DEBUG_INFO = YES;
				ONLY_ACTIVE_ARCH = YES;
				PRODUCT_NAME = "$(TARGET_NAME)";
				SDKROOT = iphoneos;
				SWIFT_OPTIMIZATION_LEVEL = "-Onone";
			};
			name = Debug;
		};
		173ECFED1955368300AC70A3 /* Release */ = {
			isa = XCBuildConfiguration;
			buildSettings = {
				ALWAYS_SEARCH_USER_PATHS = NO;
				CLANG_CXX_LANGUAGE_STANDARD = "gnu++0x";
				CLANG_CXX_LIBRARY = "libc++";
				CLANG_ENABLE_MODULES = YES;
				CLANG_ENABLE_OBJC_ARC = YES;
				CLANG_WARN_BOOL_CONVERSION = YES;
				CLANG_WARN_CONSTANT_CONVERSION = YES;
				CLANG_WARN_DIRECT_OBJC_ISA_USAGE = YES_ERROR;
				CLANG_WARN_EMPTY_BODY = YES;
				CLANG_WARN_ENUM_CONVERSION = YES;
				CLANG_WARN_INT_CONVERSION = YES;
				CLANG_WARN_OBJC_ROOT_CLASS = YES_ERROR;
				CLANG_WARN_UNREACHABLE_CODE = YES;
				CLANG_WARN__DUPLICATE_METHOD_MATCH = YES;
				COPY_PHASE_STRIP = YES;
				ENABLE_NS_ASSERTIONS = NO;
				ENABLE_STRICT_OBJC_MSGSEND = YES;
				FRAMEWORK_SEARCH_PATHS = (
					"$(SDKROOT)/Developer/Library/Frameworks",
					"$(inherited)",
				);
				GCC_C_LANGUAGE_STANDARD = gnu99;
				GCC_WARN_64_TO_32_BIT_CONVERSION = YES;
				GCC_WARN_ABOUT_RETURN_TYPE = YES_ERROR;
				GCC_WARN_UNDECLARED_SELECTOR = YES;
				GCC_WARN_UNINITIALIZED_AUTOS = YES_AGGRESSIVE;
				GCC_WARN_UNUSED_FUNCTION = YES;
				GCC_WARN_UNUSED_VARIABLE = YES;
				INFOPLIST_FILE = "iOS Test/Info.plist";
				IPHONEOS_DEPLOYMENT_TARGET = 8.0;
				LD_RUNPATH_SEARCH_PATHS = "$(inherited) @executable_path/Frameworks @loader_path/Frameworks";
				METAL_ENABLE_DEBUG_INFO = NO;
				PRODUCT_NAME = "$(TARGET_NAME)";
				SDKROOT = iphoneos;
				VALIDATE_PRODUCT = YES;
			};
			name = Release;
		};
		173ECFF9195536B300AC70A3 /* Debug */ = {
			isa = XCBuildConfiguration;
			buildSettings = {
				ALWAYS_SEARCH_USER_PATHS = NO;
				CLANG_CXX_LANGUAGE_STANDARD = "gnu++0x";
				CLANG_CXX_LIBRARY = "libc++";
				CLANG_ENABLE_MODULES = YES;
				CLANG_ENABLE_OBJC_ARC = YES;
				CLANG_WARN_BOOL_CONVERSION = YES;
				CLANG_WARN_CONSTANT_CONVERSION = YES;
				CLANG_WARN_DIRECT_OBJC_ISA_USAGE = YES_ERROR;
				CLANG_WARN_EMPTY_BODY = YES;
				CLANG_WARN_ENUM_CONVERSION = YES;
				CLANG_WARN_INT_CONVERSION = YES;
				CLANG_WARN_OBJC_ROOT_CLASS = YES_ERROR;
				CLANG_WARN_UNREACHABLE_CODE = YES;
				CLANG_WARN__DUPLICATE_METHOD_MATCH = YES;
				COPY_PHASE_STRIP = NO;
				ENABLE_STRICT_OBJC_MSGSEND = YES;
				FRAMEWORK_SEARCH_PATHS = (
					"$(DEVELOPER_FRAMEWORKS_DIR)",
					"$(inherited)",
				);
				GCC_C_LANGUAGE_STANDARD = gnu99;
				GCC_DYNAMIC_NO_PIC = NO;
				GCC_OPTIMIZATION_LEVEL = 0;
				GCC_PREPROCESSOR_DEFINITIONS = (
					"DEBUG=1",
					"$(inherited)",
				);
				GCC_SYMBOLS_PRIVATE_EXTERN = NO;
				GCC_WARN_64_TO_32_BIT_CONVERSION = YES;
				GCC_WARN_ABOUT_RETURN_TYPE = YES_ERROR;
				GCC_WARN_UNDECLARED_SELECTOR = YES;
				GCC_WARN_UNINITIALIZED_AUTOS = YES_AGGRESSIVE;
				GCC_WARN_UNUSED_FUNCTION = YES;
				GCC_WARN_UNUSED_VARIABLE = YES;
				INFOPLIST_FILE = "Mac Test/Info.plist";
				LD_RUNPATH_SEARCH_PATHS = "$(inherited) @executable_path/../Frameworks @loader_path/../Frameworks";
				MACOSX_DEPLOYMENT_TARGET = 10.9;
				METAL_ENABLE_DEBUG_INFO = YES;
				ONLY_ACTIVE_ARCH = YES;
				PRODUCT_NAME = "$(TARGET_NAME)";
				SDKROOT = macosx;
				SWIFT_OPTIMIZATION_LEVEL = "-Onone";
			};
			name = Debug;
		};
		173ECFFA195536B300AC70A3 /* Release */ = {
			isa = XCBuildConfiguration;
			buildSettings = {
				ALWAYS_SEARCH_USER_PATHS = NO;
				CLANG_CXX_LANGUAGE_STANDARD = "gnu++0x";
				CLANG_CXX_LIBRARY = "libc++";
				CLANG_ENABLE_MODULES = YES;
				CLANG_ENABLE_OBJC_ARC = YES;
				CLANG_WARN_BOOL_CONVERSION = YES;
				CLANG_WARN_CONSTANT_CONVERSION = YES;
				CLANG_WARN_DIRECT_OBJC_ISA_USAGE = YES_ERROR;
				CLANG_WARN_EMPTY_BODY = YES;
				CLANG_WARN_ENUM_CONVERSION = YES;
				CLANG_WARN_INT_CONVERSION = YES;
				CLANG_WARN_OBJC_ROOT_CLASS = YES_ERROR;
				CLANG_WARN_UNREACHABLE_CODE = YES;
				CLANG_WARN__DUPLICATE_METHOD_MATCH = YES;
				COPY_PHASE_STRIP = YES;
				DEBUG_INFORMATION_FORMAT = "dwarf-with-dsym";
				ENABLE_NS_ASSERTIONS = NO;
				ENABLE_STRICT_OBJC_MSGSEND = YES;
				FRAMEWORK_SEARCH_PATHS = (
					"$(DEVELOPER_FRAMEWORKS_DIR)",
					"$(inherited)",
				);
				GCC_C_LANGUAGE_STANDARD = gnu99;
				GCC_WARN_64_TO_32_BIT_CONVERSION = YES;
				GCC_WARN_ABOUT_RETURN_TYPE = YES_ERROR;
				GCC_WARN_UNDECLARED_SELECTOR = YES;
				GCC_WARN_UNINITIALIZED_AUTOS = YES_AGGRESSIVE;
				GCC_WARN_UNUSED_FUNCTION = YES;
				GCC_WARN_UNUSED_VARIABLE = YES;
				INFOPLIST_FILE = "Mac Test/Info.plist";
				LD_RUNPATH_SEARCH_PATHS = "$(inherited) @executable_path/../Frameworks @loader_path/../Frameworks";
				MACOSX_DEPLOYMENT_TARGET = 10.9;
				METAL_ENABLE_DEBUG_INFO = NO;
				PRODUCT_NAME = "$(TARGET_NAME)";
				SDKROOT = macosx;
			};
			name = Release;
		};
/* End XCBuildConfiguration section */

/* Begin XCConfigurationList section */
		173ECFDD1955365D00AC70A3 /* Build configuration list for PBXProject "Test" */ = {
			isa = XCConfigurationList;
			buildConfigurations = (
				173ECFDE1955365D00AC70A3 /* Debug */,
				173ECFDF1955365D00AC70A3 /* Release */,
			);
			defaultConfigurationIsVisible = 0;
			defaultConfigurationName = Release;
		};
		173ECFEB1955368300AC70A3 /* Build configuration list for PBXNativeTarget "iOS Test" */ = {
			isa = XCConfigurationList;
			buildConfigurations = (
				173ECFEC1955368300AC70A3 /* Debug */,
				173ECFED1955368300AC70A3 /* Release */,
			);
			defaultConfigurationIsVisible = 0;
			defaultConfigurationName = Release;
		};
		173ECFF8195536B300AC70A3 /* Build configuration list for PBXNativeTarget "Mac Test" */ = {
			isa = XCConfigurationList;
			buildConfigurations = (
				173ECFF9195536B300AC70A3 /* Debug */,
				173ECFFA195536B300AC70A3 /* Release */,
			);
			defaultConfigurationIsVisible = 0;
			defaultConfigurationName = Release;
		};
/* End XCConfigurationList section */
	};
	rootObject = 173ECFDA1955365D00AC70A3 /* Project object */;
}
