// !$*UTF8*$!
{
	archiveVersion = 1;
	classes = {
	};
	objectVersion = 46;
	objects = {

/* Begin PBXBuildFile section */
		A82A1C1F19D926B8009A653D /* AppDelegate.swift in Sources */ = {isa = PBXBuildFile; fileRef = A82A1C1E19D926B8009A653D /* AppDelegate.swift */; };
		A82A1C2419D926B8009A653D /* Main.storyboard in Resources */ = {isa = PBXBuildFile; fileRef = A82A1C2219D926B8009A653D /* Main.storyboard */; };
		A82A1C2619D926B8009A653D /* Images.xcassets in Resources */ = {isa = PBXBuildFile; fileRef = A82A1C2519D926B8009A653D /* Images.xcassets */; };
		A82A1C2919D926B8009A653D /* LaunchScreen.xib in Resources */ = {isa = PBXBuildFile; fileRef = A82A1C2719D926B8009A653D /* LaunchScreen.xib */; };
		A82A1C4019D94AE5009A653D /* SwiftyJSONTests.json in Resources */ = {isa = PBXBuildFile; fileRef = A82A1C3F19D94AE5009A653D /* SwiftyJSONTests.json */; };
		A82A1C5619D95606009A653D /* ViewController.swift in Sources */ = {isa = PBXBuildFile; fileRef = A82A1C5519D95606009A653D /* ViewController.swift */; };
/* End PBXBuildFile section */

/* Begin PBXContainerItemProxy section */
		04294C581BE5A9DE00D0397E /* PBXContainerItemProxy */ = {
			isa = PBXContainerItemProxy;
			containerPortal = A82A1C4719D94E86009A653D /* SwiftyJSON.xcodeproj */;
			proxyType = 2;
			remoteGlobalIDString = E4D7CCE81B9465A700EE7221;
			remoteInfo = "SwiftyJSON watchOS";
		};
		04294C5A1BE5A9DE00D0397E /* PBXContainerItemProxy */ = {
			isa = PBXContainerItemProxy;
			containerPortal = A82A1C4719D94E86009A653D /* SwiftyJSON.xcodeproj */;
			proxyType = 2;
			remoteGlobalIDString = 7236B4F61BAC14150020529B;
			remoteInfo = "SwiftyJSON tvOS";
		};
		04294C5C1BE5A9DE00D0397E /* PBXContainerItemProxy */ = {
			isa = PBXContainerItemProxy;
			containerPortal = A82A1C4719D94E86009A653D /* SwiftyJSON.xcodeproj */;
			proxyType = 2;
			remoteGlobalIDString = A8580F741BCF5C5B00DA927B;
			remoteInfo = "SwiftyJSON tvOS Tests";
		};
		A8BF45AA1B871E100066C032 /* PBXContainerItemProxy */ = {
			isa = PBXContainerItemProxy;
			containerPortal = A82A1C4719D94E86009A653D /* SwiftyJSON.xcodeproj */;
			proxyType = 2;
			remoteGlobalIDString = 2E4FEFDB19575BE100351305;
			remoteInfo = "SwiftyJSON iOS";
		};
		A8BF45AC1B871E100066C032 /* PBXContainerItemProxy */ = {
			isa = PBXContainerItemProxy;
			containerPortal = A82A1C4719D94E86009A653D /* SwiftyJSON.xcodeproj */;
			proxyType = 2;
			remoteGlobalIDString = 2E4FEFE619575BE100351305;
			remoteInfo = "SwiftyJSON iOS Tests";
		};
		A8BF45AE1B871E100066C032 /* PBXContainerItemProxy */ = {
			isa = PBXContainerItemProxy;
			containerPortal = A82A1C4719D94E86009A653D /* SwiftyJSON.xcodeproj */;
			proxyType = 2;
			remoteGlobalIDString = 9C7DFC5B1A9102BD005AA3F7;
			remoteInfo = "SwiftyJSON OSX";
		};
		A8BF45B01B871E100066C032 /* PBXContainerItemProxy */ = {
			isa = PBXContainerItemProxy;
			containerPortal = A82A1C4719D94E86009A653D /* SwiftyJSON.xcodeproj */;
			proxyType = 2;
			remoteGlobalIDString = 9C7DFC651A9102BD005AA3F7;
			remoteInfo = "SwiftyJSON OSX Tests";
		};
/* End PBXContainerItemProxy section */

/* Begin PBXCopyFilesBuildPhase section */
		A82A1C5419D94E97009A653D /* Embed Frameworks */ = {
			isa = PBXCopyFilesBuildPhase;
			buildActionMask = 2147483647;
			dstPath = "";
			dstSubfolderSpec = 10;
			files = (
			);
			name = "Embed Frameworks";
			runOnlyForDeploymentPostprocessing = 0;
		};
/* End PBXCopyFilesBuildPhase section */

/* Begin PBXFileReference section */
		04294C501BE5A9DE00D0397E /* Playground.playground */ = {isa = PBXFileReference; lastKnownFileType = file.playground; path = Playground.playground; sourceTree = "<group>"; };
		A82A1C1919D926B8009A653D /* Example.app */ = {isa = PBXFileReference; explicitFileType = wrapper.application; includeInIndex = 0; path = Example.app; sourceTree = BUILT_PRODUCTS_DIR; };
		A82A1C1D19D926B8009A653D /* Info.plist */ = {isa = PBXFileReference; lastKnownFileType = text.plist.xml; path = Info.plist; sourceTree = "<group>"; };
		A82A1C1E19D926B8009A653D /* AppDelegate.swift */ = {isa = PBXFileReference; lastKnownFileType = sourcecode.swift; path = AppDelegate.swift; sourceTree = "<group>"; };
		A82A1C2319D926B8009A653D /* Base */ = {isa = PBXFileReference; lastKnownFileType = file.storyboard; name = Base; path = Base.lproj/Main.storyboard; sourceTree = "<group>"; };
		A82A1C2519D926B8009A653D /* Images.xcassets */ = {isa = PBXFileReference; lastKnownFileType = folder.assetcatalog; path = Images.xcassets; sourceTree = "<group>"; };
		A82A1C2819D926B8009A653D /* Base */ = {isa = PBXFileReference; lastKnownFileType = file.xib; name = Base; path = Base.lproj/LaunchScreen.xib; sourceTree = "<group>"; };
		A82A1C3F19D94AE5009A653D /* SwiftyJSONTests.json */ = {isa = PBXFileReference; fileEncoding = 4; lastKnownFileType = text.json; path = SwiftyJSONTests.json; sourceTree = "<group>"; };
		A82A1C4719D94E86009A653D /* SwiftyJSON.xcodeproj */ = {isa = PBXFileReference; lastKnownFileType = "wrapper.pb-project"; name = SwiftyJSON.xcodeproj; path = ../SwiftyJSON.xcodeproj; sourceTree = "<group>"; };
		A82A1C5519D95606009A653D /* ViewController.swift */ = {isa = PBXFileReference; fileEncoding = 4; lastKnownFileType = sourcecode.swift; path = ViewController.swift; sourceTree = "<group>"; };
/* End PBXFileReference section */

/* Begin PBXFrameworksBuildPhase section */
		A82A1C1619D926B8009A653D /* Frameworks */ = {
			isa = PBXFrameworksBuildPhase;
			buildActionMask = 2147483647;
			files = (
			);
			runOnlyForDeploymentPostprocessing = 0;
		};
/* End PBXFrameworksBuildPhase section */

/* Begin PBXGroup section */
		A82A1C1019D926B8009A653D = {
			isa = PBXGroup;
			children = (
				04294C501BE5A9DE00D0397E /* Playground.playground */,
				A82A1C4719D94E86009A653D /* SwiftyJSON.xcodeproj */,
				A82A1C1B19D926B8009A653D /* Example */,
				A82A1C1A19D926B8009A653D /* Products */,
			);
			sourceTree = "<group>";
		};
		A82A1C1A19D926B8009A653D /* Products */ = {
			isa = PBXGroup;
			children = (
				A82A1C1919D926B8009A653D /* Example.app */,
			);
			name = Products;
			sourceTree = "<group>";
		};
		A82A1C1B19D926B8009A653D /* Example */ = {
			isa = PBXGroup;
			children = (
				A82A1C3F19D94AE5009A653D /* SwiftyJSONTests.json */,
				A82A1C1E19D926B8009A653D /* AppDelegate.swift */,
				A82A1C5519D95606009A653D /* ViewController.swift */,
				A82A1C2219D926B8009A653D /* Main.storyboard */,
				A82A1C2519D926B8009A653D /* Images.xcassets */,
				A82A1C2719D926B8009A653D /* LaunchScreen.xib */,
				A82A1C1C19D926B8009A653D /* Supporting Files */,
			);
			path = Example;
			sourceTree = "<group>";
		};
		A82A1C1C19D926B8009A653D /* Supporting Files */ = {
			isa = PBXGroup;
			children = (
				A82A1C1D19D926B8009A653D /* Info.plist */,
			);
			name = "Supporting Files";
			sourceTree = "<group>";
		};
		A8BF45A41B871E0F0066C032 /* Products */ = {
			isa = PBXGroup;
			children = (
				A8BF45AB1B871E100066C032 /* SwiftyJSON.framework */,
				A8BF45AD1B871E100066C032 /* SwiftyJSON iOS Tests.xctest */,
				A8BF45AF1B871E100066C032 /* SwiftyJSON.framework */,
				A8BF45B11B871E100066C032 /* SwiftyJSON OSX Tests.xctest */,
				04294C591BE5A9DE00D0397E /* SwiftyJSON.framework */,
				04294C5B1BE5A9DE00D0397E /* SwiftyJSON.framework */,
				04294C5D1BE5A9DE00D0397E /* SwiftyJSON tvOS Tests.xctest */,
			);
			name = Products;
			sourceTree = "<group>";
		};
/* End PBXGroup section */

/* Begin PBXNativeTarget section */
		A82A1C1819D926B8009A653D /* Example */ = {
			isa = PBXNativeTarget;
			buildConfigurationList = A82A1C3819D926B8009A653D /* Build configuration list for PBXNativeTarget "Example" */;
			buildPhases = (
				A82A1C1519D926B8009A653D /* Sources */,
				A82A1C1619D926B8009A653D /* Frameworks */,
				A82A1C1719D926B8009A653D /* Resources */,
				A82A1C5419D94E97009A653D /* Embed Frameworks */,
			);
			buildRules = (
			);
			dependencies = (
			);
			name = Example;
			productName = Example;
			productReference = A82A1C1919D926B8009A653D /* Example.app */;
			productType = "com.apple.product-type.application";
		};
/* End PBXNativeTarget section */

/* Begin PBXProject section */
		A82A1C1119D926B8009A653D /* Project object */ = {
			isa = PBXProject;
			attributes = {
				LastSwiftUpdateCheck = 0700;
				LastUpgradeCheck = 0700;
				ORGANIZATIONNAME = swiftyjson;
				TargetAttributes = {
					A82A1C1819D926B8009A653D = {
						CreatedOnToolsVersion = 6.0.1;
					};
				};
			};
			buildConfigurationList = A82A1C1419D926B8009A653D /* Build configuration list for PBXProject "Example" */;
			compatibilityVersion = "Xcode 3.2";
			developmentRegion = English;
			hasScannedForEncodings = 0;
			knownRegions = (
				en,
				Base,
			);
			mainGroup = A82A1C1019D926B8009A653D;
			productRefGroup = A82A1C1A19D926B8009A653D /* Products */;
			projectDirPath = "";
			projectReferences = (
				{
					ProductGroup = A8BF45A41B871E0F0066C032 /* Products */;
					ProjectRef = A82A1C4719D94E86009A653D /* SwiftyJSON.xcodeproj */;
				},
			);
			projectRoot = "";
			targets = (
				A82A1C1819D926B8009A653D /* Example */,
			);
		};
/* End PBXProject section */

/* Begin PBXReferenceProxy section */
		04294C591BE5A9DE00D0397E /* SwiftyJSON.framework */ = {
			isa = PBXReferenceProxy;
			fileType = wrapper.framework;
			path = SwiftyJSON.framework;
			remoteRef = 04294C581BE5A9DE00D0397E /* PBXContainerItemProxy */;
			sourceTree = BUILT_PRODUCTS_DIR;
		};
		04294C5B1BE5A9DE00D0397E /* SwiftyJSON.framework */ = {
			isa = PBXReferenceProxy;
			fileType = wrapper.framework;
			path = SwiftyJSON.framework;
			remoteRef = 04294C5A1BE5A9DE00D0397E /* PBXContainerItemProxy */;
			sourceTree = BUILT_PRODUCTS_DIR;
		};
		04294C5D1BE5A9DE00D0397E /* SwiftyJSON tvOS Tests.xctest */ = {
			isa = PBXReferenceProxy;
			fileType = wrapper.cfbundle;
			path = "SwiftyJSON tvOS Tests.xctest";
			remoteRef = 04294C5C1BE5A9DE00D0397E /* PBXContainerItemProxy */;
			sourceTree = BUILT_PRODUCTS_DIR;
		};
		A8BF45AB1B871E100066C032 /* SwiftyJSON.framework */ = {
			isa = PBXReferenceProxy;
			fileType = wrapper.framework;
			path = SwiftyJSON.framework;
			remoteRef = A8BF45AA1B871E100066C032 /* PBXContainerItemProxy */;
			sourceTree = BUILT_PRODUCTS_DIR;
		};
		A8BF45AD1B871E100066C032 /* SwiftyJSON iOS Tests.xctest */ = {
			isa = PBXReferenceProxy;
			fileType = wrapper.cfbundle;
			path = "SwiftyJSON iOS Tests.xctest";
			remoteRef = A8BF45AC1B871E100066C032 /* PBXContainerItemProxy */;
			sourceTree = BUILT_PRODUCTS_DIR;
		};
		A8BF45AF1B871E100066C032 /* SwiftyJSON.framework */ = {
			isa = PBXReferenceProxy;
			fileType = wrapper.framework;
			path = SwiftyJSON.framework;
			remoteRef = A8BF45AE1B871E100066C032 /* PBXContainerItemProxy */;
			sourceTree = BUILT_PRODUCTS_DIR;
		};
		A8BF45B11B871E100066C032 /* SwiftyJSON OSX Tests.xctest */ = {
			isa = PBXReferenceProxy;
			fileType = wrapper.cfbundle;
			path = "SwiftyJSON OSX Tests.xctest";
			remoteRef = A8BF45B01B871E100066C032 /* PBXContainerItemProxy */;
			sourceTree = BUILT_PRODUCTS_DIR;
		};
/* End PBXReferenceProxy section */

/* Begin PBXResourcesBuildPhase section */
		A82A1C1719D926B8009A653D /* Resources */ = {
			isa = PBXResourcesBuildPhase;
			buildActionMask = 2147483647;
			files = (
				A82A1C2419D926B8009A653D /* Main.storyboard in Resources */,
				A82A1C2919D926B8009A653D /* LaunchScreen.xib in Resources */,
				A82A1C2619D926B8009A653D /* Images.xcassets in Resources */,
				A82A1C4019D94AE5009A653D /* SwiftyJSONTests.json in Resources */,
			);
			runOnlyForDeploymentPostprocessing = 0;
		};
/* End PBXResourcesBuildPhase section */

/* Begin PBXSourcesBuildPhase section */
		A82A1C1519D926B8009A653D /* Sources */ = {
			isa = PBXSourcesBuildPhase;
			buildActionMask = 2147483647;
			files = (
				A82A1C5619D95606009A653D /* ViewController.swift in Sources */,
				A82A1C1F19D926B8009A653D /* AppDelegate.swift in Sources */,
			);
			runOnlyForDeploymentPostprocessing = 0;
		};
/* End PBXSourcesBuildPhase section */

/* Begin PBXVariantGroup section */
		A82A1C2219D926B8009A653D /* Main.storyboard */ = {
			isa = PBXVariantGroup;
			children = (
				A82A1C2319D926B8009A653D /* Base */,
			);
			name = Main.storyboard;
			sourceTree = "<group>";
		};
		A82A1C2719D926B8009A653D /* LaunchScreen.xib */ = {
			isa = PBXVariantGroup;
			children = (
				A82A1C2819D926B8009A653D /* Base */,
			);
			name = LaunchScreen.xib;
			sourceTree = "<group>";
		};
/* End PBXVariantGroup section */

/* Begin XCBuildConfiguration section */
		A82A1C3619D926B8009A653D /* Debug */ = {
			isa = XCBuildConfiguration;
			buildSettings = {
				ALWAYS_SEARCH_USER_PATHS = NO;
				CLANG_CXX_LANGUAGE_STANDARD = "gnu++0x";
				CLANG_CXX_LIBRARY = "libc++";
				CLANG_ENABLE_MODULES = YES;
				CLANG_ENABLE_OBJC_ARC = YES;
				CLANG_WARN_BOOL_CONVERSION = YES;
				CLANG_WARN_CONSTANT_CONVERSION = YES;
				CLANG_WARN_DIRECT_OBJC_ISA_USAGE = YES_ERROR;
				CLANG_WARN_EMPTY_BODY = YES;
				CLANG_WARN_ENUM_CONVERSION = YES;
				CLANG_WARN_INT_CONVERSION = YES;
				CLANG_WARN_OBJC_ROOT_CLASS = YES_ERROR;
				CLANG_WARN_UNREACHABLE_CODE = YES;
				CLANG_WARN__DUPLICATE_METHOD_MATCH = YES;
				CODE_SIGN_IDENTITY = "iPhone Developer";
				"CODE_SIGN_IDENTITY[sdk=iphoneos*]" = "iPhone Developer";
				COPY_PHASE_STRIP = NO;
				ENABLE_STRICT_OBJC_MSGSEND = YES;
				ENABLE_TESTABILITY = YES;
				GCC_C_LANGUAGE_STANDARD = gnu99;
				GCC_DYNAMIC_NO_PIC = NO;
				GCC_OPTIMIZATION_LEVEL = 0;
				GCC_PREPROCESSOR_DEFINITIONS = (
					"DEBUG=1",
					"$(inherited)",
				);
				GCC_SYMBOLS_PRIVATE_EXTERN = NO;
				GCC_WARN_64_TO_32_BIT_CONVERSION = YES;
				GCC_WARN_ABOUT_RETURN_TYPE = YES_ERROR;
				GCC_WARN_UNDECLARED_SELECTOR = YES;
				GCC_WARN_UNINITIALIZED_AUTOS = YES_AGGRESSIVE;
				GCC_WARN_UNUSED_FUNCTION = YES;
				GCC_WARN_UNUSED_VARIABLE = YES;
				IPHONEOS_DEPLOYMENT_TARGET = 8.0;
				MTL_ENABLE_DEBUG_INFO = YES;
				ONLY_ACTIVE_ARCH = YES;
				SDKROOT = iphoneos;
				SWIFT_OPTIMIZATION_LEVEL = "-Onone";
				TARGETED_DEVICE_FAMILY = "1,2";
			};
			name = Debug;
		};
		A82A1C3719D926B8009A653D /* Release */ = {
			isa = XCBuildConfiguration;
			buildSettings = {
				ALWAYS_SEARCH_USER_PATHS = NO;
				CLANG_CXX_LANGUAGE_STANDARD = "gnu++0x";
				CLANG_CXX_LIBRARY = "libc++";
				CLANG_ENABLE_MODULES = YES;
				CLANG_ENABLE_OBJC_ARC = YES;
				CLANG_WARN_BOOL_CONVERSION = YES;
				CLANG_WARN_CONSTANT_CONVERSION = YES;
				CLANG_WARN_DIRECT_OBJC_ISA_USAGE = YES_ERROR;
				CLANG_WARN_EMPTY_BODY = YES;
				CLANG_WARN_ENUM_CONVERSION = YES;
				CLANG_WARN_INT_CONVERSION = YES;
				CLANG_WARN_OBJC_ROOT_CLASS = YES_ERROR;
				CLANG_WARN_UNREACHABLE_CODE = YES;
				CLANG_WARN__DUPLICATE_METHOD_MATCH = YES;
				CODE_SIGN_IDENTITY = "iPhone Distribution";
				"CODE_SIGN_IDENTITY[sdk=iphoneos*]" = "iPhone Developer";
				COPY_PHASE_STRIP = YES;
				ENABLE_NS_ASSERTIONS = NO;
				ENABLE_STRICT_OBJC_MSGSEND = YES;
				GCC_C_LANGUAGE_STANDARD = gnu99;
				GCC_WARN_64_TO_32_BIT_CONVERSION = YES;
				GCC_WARN_ABOUT_RETURN_TYPE = YES_ERROR;
				GCC_WARN_UNDECLARED_SELECTOR = YES;
				GCC_WARN_UNINITIALIZED_AUTOS = YES_AGGRESSIVE;
				GCC_WARN_UNUSED_FUNCTION = YES;
				GCC_WARN_UNUSED_VARIABLE = YES;
				IPHONEOS_DEPLOYMENT_TARGET = 8.0;
				MTL_ENABLE_DEBUG_INFO = NO;
				SDKROOT = iphoneos;
				TARGETED_DEVICE_FAMILY = "1,2";
				VALIDATE_PRODUCT = YES;
			};
			name = Release;
		};
		A82A1C3919D926B8009A653D /* Debug */ = {
			isa = XCBuildConfiguration;
			buildSettings = {
				ASSETCATALOG_COMPILER_APPICON_NAME = AppIcon;
				ASSETCATALOG_COMPILER_LAUNCHIMAGE_NAME = LaunchImage;
				INFOPLIST_FILE = Example/Info.plist;
				LD_RUNPATH_SEARCH_PATHS = "$(inherited) @executable_path/Frameworks";
				PRODUCT_BUNDLE_IDENTIFIER = "com.swiftyjson.$(PRODUCT_NAME:rfc1034identifier)";
				PRODUCT_NAME = "$(TARGET_NAME)";
			};
			name = Debug;
		};
		A82A1C3A19D926B8009A653D /* Release */ = {
			isa = XCBuildConfiguration;
			buildSettings = {
				ASSETCATALOG_COMPILER_APPICON_NAME = AppIcon;
				ASSETCATALOG_COMPILER_LAUNCHIMAGE_NAME = LaunchImage;
				CODE_SIGN_IDENTITY = "iPhone Distribution";
				INFOPLIST_FILE = Example/Info.plist;
				LD_RUNPATH_SEARCH_PATHS = "$(inherited) @executable_path/Frameworks";
				PRODUCT_BUNDLE_IDENTIFIER = "com.swiftyjson.$(PRODUCT_NAME:rfc1034identifier)";
				PRODUCT_NAME = "$(TARGET_NAME)";
			};
			name = Release;
		};
/* End XCBuildConfiguration section */

/* Begin XCConfigurationList section */
		A82A1C1419D926B8009A653D /* Build configuration list for PBXProject "Example" */ = {
			isa = XCConfigurationList;
			buildConfigurations = (
				A82A1C3619D926B8009A653D /* Debug */,
				A82A1C3719D926B8009A653D /* Release */,
			);
			defaultConfigurationIsVisible = 0;
			defaultConfigurationName = Release;
		};
		A82A1C3819D926B8009A653D /* Build configuration list for PBXNativeTarget "Example" */ = {
			isa = XCConfigurationList;
			buildConfigurations = (
				A82A1C3919D926B8009A653D /* Debug */,
				A82A1C3A19D926B8009A653D /* Release */,
			);
			defaultConfigurationIsVisible = 0;
			defaultConfigurationName = Release;
		};
/* End XCConfigurationList section */
	};
	rootObject = A82A1C1119D926B8009A653D /* Project object */;
}
